
Microsoft Visual Studio Solution File, Format Version 12.00
# Visual Studio Version 17
VisualStudioVersion = 17.8.34330.188
MinimumVisualStudioVersion = 10.0.40219.1
Project("{FAE04EC0-301F-11D3-BF4B-00C04F79EFBC}") = "Threads", "Threads\Threads.csproj", "{26BA6E03-B416-4F16-83B5-A223B58E39F6}"
EndProject
Project("{FAE04EC0-301F-11D3-BF4B-00C04F79EFBC}") = "Tasks", "Tasks\Tasks.csproj", "{2D37655F-9455-4B92-AD59-76FDB93C14FD}"
EndProject
Project("{FAE04EC0-301F-11D3-BF4B-00C04F79EFBC}") = "AsyncAwait", "AsyncAwait\AsyncAwait.csproj", "{5EED241D-EB5B-401E-B60A-4EE563426967}"
EndProject
Global
	GlobalSection(SolutionConfigurationPlatforms) = preSolution
		Debug|Any CPU = Debug|Any CPU
		Release|Any CPU = Release|Any CPU
	EndGlobalSection
	GlobalSection(ProjectConfigurationPlatforms) = postSolution
		{26BA6E03-B416-4F16-83B5-A223B58E39F6}.Debug|Any CPU.ActiveCfg = Debug|Any CPU
		{26BA6E03-B416-4F16-83B5-A223B58E39F6}.Debug|Any CPU.Build.0 = Debug|Any CPU
		{26BA6E03-B416-4F16-83B5-A223B58E39F6}.Release|Any CPU.ActiveCfg = Release|Any CPU
		{26BA6E03-B416-4F16-83B5-A223B58E39F6}.Release|Any CPU.Build.0 = Release|Any CPU
		{2D37655F-9455-4B92-AD59-76FDB93C14FD}.Debug|Any CPU.ActiveCfg = Debug|Any CPU
		{2D37655F-9455-4B92-AD59-76FDB93C14FD}.Debug|Any CPU.Build.0 = Debug|Any CPU
		{2D37655F-9455-4B92-AD59-76FDB93C14FD}.Release|Any CPU.ActiveCfg = Release|Any CPU
		{2D37655F-9455-4B92-AD59-76FDB93C14FD}.Release|Any CPU.Build.0 = Release|Any CPU
		{5EED241D-EB5B-401E-B60A-4EE563426967}.Debug|Any CPU.ActiveCfg = Debug|Any CPU
		{5EED241D-EB5B-401E-B60A-4EE563426967}.Debug|Any CPU.Build.0 = Debug|Any CPU
		{5EED241D-EB5B-401E-B60A-4EE563426967}.Release|Any CPU.ActiveCfg = Release|Any CPU
		{5EED241D-EB5B-401E-B60A-4EE563426967}.Release|Any CPU.Build.0 = Release|Any CPU
	EndGlobalSection
	GlobalSection(SolutionProperties) = preSolution
		HideSolutionNode = FALSE
	EndGlobalSection
	GlobalSection(ExtensibilityGlobals) = postSolution
		SolutionGuid = {4D345F43-2E57-4B3B-BB3C-67CCFDC5DEFE}
	EndGlobalSection
EndGlobal
