
Microsoft Visual Studio Solution File, Format Version 12.00
# Visual Studio Version 17
VisualStudioVersion = 17.13.35825.156 d17.13
MinimumVisualStudioVersion = 10.0.40219.1
Project("{FAE04EC0-301F-11D3-BF4B-00C04F79EFBC}") = "StaticClasses", "StaticClasses\StaticClasses.csproj", "{AD149794-EEB7-4026-8A36-02E3CB310A4E}"
EndProject
Project("{FAE04EC0-301F-11D3-BF4B-00C04F79EFBC}") = "Polymorphism", "Polymorphism\Polymorphism.csproj", "{ED1643E0-73C3-48C9-B0C1-D1CA6C0017E3}"
EndProject
Global
	GlobalSection(SolutionConfigurationPlatforms) = preSolution
		Debug|Any CPU = Debug|Any CPU
		Release|Any CPU = Release|Any CPU
	EndGlobalSection
	GlobalSection(ProjectConfigurationPlatforms) = postSolution
		{AD149794-EEB7-4026-8A36-02E3CB310A4E}.Debug|Any CPU.ActiveCfg = Debug|Any CPU
		{AD149794-EEB7-4026-8A36-02E3CB310A4E}.Debug|Any CPU.Build.0 = Debug|Any CPU
		{AD149794-EEB7-4026-8A36-02E3CB310A4E}.Release|Any CPU.ActiveCfg = Release|Any CPU
		{AD149794-EEB7-4026-8A36-02E3CB310A4E}.Release|Any CPU.Build.0 = Release|Any CPU
		{ED1643E0-73C3-48C9-B0C1-D1CA6C0017E3}.Debug|Any CPU.ActiveCfg = Debug|Any CPU
		{ED1643E0-73C3-48C9-B0C1-D1CA6C0017E3}.Debug|Any CPU.Build.0 = Debug|Any CPU
		{ED1643E0-73C3-48C9-B0C1-D1CA6C0017E3}.Release|Any CPU.ActiveCfg = Release|Any CPU
		{ED1643E0-73C3-48C9-B0C1-D1CA6C0017E3}.Release|Any CPU.Build.0 = Release|Any CPU
	EndGlobalSection
	GlobalSection(SolutionProperties) = preSolution
		HideSolutionNode = FALSE
	EndGlobalSection
	GlobalSection(ExtensibilityGlobals) = postSolution
		SolutionGuid = {8579F5E0-1DC8-4588-8A93-38CD18BF7230}
	EndGlobalSection
EndGlobal
