
Microsoft Visual Studio Solution File, Format Version 12.00
# Visual Studio Version 17
VisualStudioVersion = 17.13.35825.156 d17.13
MinimumVisualStudioVersion = 10.0.40219.1
Project("{FAE04EC0-301F-11D3-BF4B-00C04F79EFBC}") = "Task02.App", "Task02.App\Task02.App.csproj", "{C4B8230A-8C27-4863-9E10-B5743B1FABE6}"
EndProject
Project("{FAE04EC0-301F-11D3-BF4B-00C04F79EFBC}") = "Task02.Logic", "Task02.Logic\Task02.Logic.csproj", "{7DB75EEB-CE52-40CC-A39D-10740FD8BEB2}"
EndProject
Global
	GlobalSection(SolutionConfigurationPlatforms) = preSolution
		Debug|Any CPU = Debug|Any CPU
		Release|Any CPU = Release|Any CPU
	EndGlobalSection
	GlobalSection(ProjectConfigurationPlatforms) = postSolution
		{C4B8230A-8C27-4863-9E10-B5743B1FABE6}.Debug|Any CPU.ActiveCfg = Debug|Any CPU
		{C4B8230A-8C27-4863-9E10-B5743B1FABE6}.Debug|Any CPU.Build.0 = Debug|Any CPU
		{C4B8230A-8C27-4863-9E10-B5743B1FABE6}.Release|Any CPU.ActiveCfg = Release|Any CPU
		{C4B8230A-8C27-4863-9E10-B5743B1FABE6}.Release|Any CPU.Build.0 = Release|Any CPU
		{7DB75EEB-CE52-40CC-A39D-10740FD8BEB2}.Debug|Any CPU.ActiveCfg = Debug|Any CPU
		{7DB75EEB-CE52-40CC-A39D-10740FD8BEB2}.Debug|Any CPU.Build.0 = Debug|Any CPU
		{7DB75EEB-CE52-40CC-A39D-10740FD8BEB2}.Release|Any CPU.ActiveCfg = Release|Any CPU
		{7DB75EEB-CE52-40CC-A39D-10740FD8BEB2}.Release|Any CPU.Build.0 = Release|Any CPU
	EndGlobalSection
	GlobalSection(SolutionProperties) = preSolution
		HideSolutionNode = FALSE
	EndGlobalSection
	GlobalSection(ExtensibilityGlobals) = postSolution
		SolutionGuid = {6737463E-75DA-4AC2-87BB-CCA0781646AE}
	EndGlobalSection
EndGlobal
