
Microsoft Visual Studio Solution File, Format Version 12.00
# Visual Studio Version 17
VisualStudioVersion = 17.12.35514.174 d17.12
MinimumVisualStudioVersion = 10.0.40219.1
Project("{FAE04EC0-301F-11D3-BF4B-00C04F79EFBC}") = "Qinshift.AnonymousMethods", "Qinshift.AnonymousMethods\Qinshift.AnonymousMethods.csproj", "{33630A2F-96E8-4707-AC65-08D73FE8014B}"
EndProject
Project("{FAE04EC0-301F-11D3-BF4B-00C04F79EFBC}") = "Qinshift.LinqMethods", "Qinshift.LinqMethods\Qinshift.LinqMethods.csproj", "{58B67703-D38B-4642-A2D4-93AB0D590786}"
EndProject
Global
	GlobalSection(SolutionConfigurationPlatforms) = preSolution
		Debug|Any CPU = Debug|Any CPU
		Release|Any CPU = Release|Any CPU
	EndGlobalSection
	GlobalSection(ProjectConfigurationPlatforms) = postSolution
		{33630A2F-96E8-4707-AC65-08D73FE8014B}.Debug|Any CPU.ActiveCfg = Debug|Any CPU
		{33630A2F-96E8-4707-AC65-08D73FE8014B}.Debug|Any CPU.Build.0 = Debug|Any CPU
		{33630A2F-96E8-4707-AC65-08D73FE8014B}.Release|Any CPU.ActiveCfg = Release|Any CPU
		{33630A2F-96E8-4707-AC65-08D73FE8014B}.Release|Any CPU.Build.0 = Release|Any CPU
		{58B67703-D38B-4642-A2D4-93AB0D590786}.Debug|Any CPU.ActiveCfg = Debug|Any CPU
		{58B67703-D38B-4642-A2D4-93AB0D590786}.Debug|Any CPU.Build.0 = Debug|Any CPU
		{58B67703-D38B-4642-A2D4-93AB0D590786}.Release|Any CPU.ActiveCfg = Release|Any CPU
		{58B67703-D38B-4642-A2D4-93AB0D590786}.Release|Any CPU.Build.0 = Release|Any CPU
	EndGlobalSection
	GlobalSection(SolutionProperties) = preSolution
		HideSolutionNode = FALSE
	EndGlobalSection
EndGlobal
