
Microsoft Visual Studio Solution File, Format Version 12.00
# Visual Studio Version 17
VisualStudioVersion = 17.13.35825.156 d17.13
MinimumVisualStudioVersion = 10.0.40219.1
Project("{FAE04EC0-301F-11D3-BF4B-00C04F79EFBC}") = "Qinshift.Practices", "Qinshift.Practices\Qinshift.Practices.csproj", "{3CE92485-275B-4C94-B902-AF5D8F80DB4B}"
EndProject
Project("{FAE04EC0-301F-11D3-BF4B-00C04F79EFBC}") = "Qinshift.Principles", "Qinshift.Principles\Qinshift.Principles.csproj", "{EEADD061-ECC4-452F-A221-A98F644C7482}"
EndProject
Global
	GlobalSection(SolutionConfigurationPlatforms) = preSolution
		Debug|Any CPU = Debug|Any CPU
		Release|Any CPU = Release|Any CPU
	EndGlobalSection
	GlobalSection(ProjectConfigurationPlatforms) = postSolution
		{3CE92485-275B-4C94-B902-AF5D8F80DB4B}.Debug|Any CPU.ActiveCfg = Debug|Any CPU
		{3CE92485-275B-4C94-B902-AF5D8F80DB4B}.Debug|Any CPU.Build.0 = Debug|Any CPU
		{3CE92485-275B-4C94-B902-AF5D8F80DB4B}.Release|Any CPU.ActiveCfg = Release|Any CPU
		{3CE92485-275B-4C94-B902-AF5D8F80DB4B}.Release|Any CPU.Build.0 = Release|Any CPU
		{EEADD061-ECC4-452F-A221-A98F644C7482}.Debug|Any CPU.ActiveCfg = Debug|Any CPU
		{EEADD061-ECC4-452F-A221-A98F644C7482}.Debug|Any CPU.Build.0 = Debug|Any CPU
		{EEADD061-ECC4-452F-A221-A98F644C7482}.Release|Any CPU.ActiveCfg = Release|Any CPU
		{EEADD061-ECC4-452F-A221-A98F644C7482}.Release|Any CPU.Build.0 = Release|Any CPU
	EndGlobalSection
	GlobalSection(SolutionProperties) = preSolution
		HideSolutionNode = FALSE
	EndGlobalSection
	GlobalSection(ExtensibilityGlobals) = postSolution
		SolutionGuid = {810A5C00-B704-46D7-97D3-352D94DFB07D}
	EndGlobalSection
EndGlobal
