
Microsoft Visual Studio Solution File, Format Version 12.00
# Visual Studio Version 17
VisualStudioVersion = 17.14.36109.1 d17.14
MinimumVisualStudioVersion = 10.0.40219.1
Project("{FAE04EC0-301F-11D3-BF4B-00C04F79EFBC}") = "Qinshift.FileSystem", "Qinshift.FileSystem\Qinshift.FileSystem.csproj", "{3C8C5240-D4D6-430B-8109-CDE9A377485B}"
EndProject
Project("{FAE04EC0-301F-11D3-BF4B-00C04F79EFBC}") = "Qinshift.FileStreams", "Qinshift.FileStreams\Qinshift.FileStreams.csproj", "{6984DE45-EB0A-448E-B4FF-D57660FC2ADB}"
EndProject
Project("{FAE04EC0-301F-11D3-BF4B-00C04F79EFBC}") = "Qinshift.Exercise", "Qinshift.Exercise\Qinshift.Exercise.csproj", "{CA8ACBD5-AFF9-4E81-8C4C-D431DFE5FC28}"
EndProject
Global
	GlobalSection(SolutionConfigurationPlatforms) = preSolution
		Debug|Any CPU = Debug|Any CPU
		Release|Any CPU = Release|Any CPU
	EndGlobalSection
	GlobalSection(ProjectConfigurationPlatforms) = postSolution
		{3C8C5240-D4D6-430B-8109-CDE9A377485B}.Debug|Any CPU.ActiveCfg = Debug|Any CPU
		{3C8C5240-D4D6-430B-8109-CDE9A377485B}.Debug|Any CPU.Build.0 = Debug|Any CPU
		{3C8C5240-D4D6-430B-8109-CDE9A377485B}.Release|Any CPU.ActiveCfg = Release|Any CPU
		{3C8C5240-D4D6-430B-8109-CDE9A377485B}.Release|Any CPU.Build.0 = Release|Any CPU
		{6984DE45-EB0A-448E-B4FF-D57660FC2ADB}.Debug|Any CPU.ActiveCfg = Debug|Any CPU
		{6984DE45-EB0A-448E-B4FF-D57660FC2ADB}.Debug|Any CPU.Build.0 = Debug|Any CPU
		{6984DE45-EB0A-448E-B4FF-D57660FC2ADB}.Release|Any CPU.ActiveCfg = Release|Any CPU
		{6984DE45-EB0A-448E-B4FF-D57660FC2ADB}.Release|Any CPU.Build.0 = Release|Any CPU
		{CA8ACBD5-AFF9-4E81-8C4C-D431DFE5FC28}.Debug|Any CPU.ActiveCfg = Debug|Any CPU
		{CA8ACBD5-AFF9-4E81-8C4C-D431DFE5FC28}.Debug|Any CPU.Build.0 = Debug|Any CPU
		{CA8ACBD5-AFF9-4E81-8C4C-D431DFE5FC28}.Release|Any CPU.ActiveCfg = Release|Any CPU
		{CA8ACBD5-AFF9-4E81-8C4C-D431DFE5FC28}.Release|Any CPU.Build.0 = Release|Any CPU
	EndGlobalSection
	GlobalSection(SolutionProperties) = preSolution
		HideSolutionNode = FALSE
	EndGlobalSection
	GlobalSection(ExtensibilityGlobals) = postSolution
		SolutionGuid = {3305AC84-3E3F-44A9-8222-63F62E2310AB}
	EndGlobalSection
EndGlobal
