
Microsoft Visual Studio Solution File, Format Version 12.00
# Visual Studio Version 17
VisualStudioVersion = 17.14.36109.1 d17.14
MinimumVisualStudioVersion = 10.0.40219.1
Project("{FAE04EC0-301F-11D3-BF4B-00C04F79EFBC}") = "Qinshift.AdoNet", "Qinshift.AdoNet\Qinshift.AdoNet.csproj", "{8148AA3F-4B42-4616-B56E-9BD4605EEFA3}"
EndProject
Global
	GlobalSection(SolutionConfigurationPlatforms) = preSolution
		Debug|Any CPU = Debug|Any CPU
		Release|Any CPU = Release|Any CPU
	EndGlobalSection
	GlobalSection(ProjectConfigurationPlatforms) = postSolution
		{8148AA3F-4B42-4616-B56E-9BD4605EEFA3}.Debug|Any CPU.ActiveCfg = Debug|Any CPU
		{8148AA3F-4B42-4616-B56E-9BD4605EEFA3}.Debug|Any CPU.Build.0 = Debug|Any CPU
		{8148AA3F-4B42-4616-B56E-9BD4605EEFA3}.Release|Any CPU.ActiveCfg = Release|Any CPU
		{8148AA3F-4B42-4616-B56E-9BD4605EEFA3}.Release|Any CPU.Build.0 = Release|Any CPU
	EndGlobalSection
	GlobalSection(SolutionProperties) = preSolution
		HideSolutionNode = FALSE
	EndGlobalSection
	GlobalSection(ExtensibilityGlobals) = postSolution
		SolutionGuid = {E0D8F8B4-D701-4646-A8C3-D524398D2EEE}
	EndGlobalSection
EndGlobal
