
Microsoft Visual Studio Solution File, Format Version 12.00
# Visual Studio Version 17
VisualStudioVersion = 17.13.35825.156
MinimumVisualStudioVersion = 10.0.40219.1
Project("{FAE04EC0-301F-11D3-BF4B-00C04F79EFBC}") = "Qinshift.MemoryAllocation", "Qinshift.MemoryAllocation\Qinshift.MemoryAllocation.csproj", "{D9B603AC-2BE9-41CE-9414-18A37076DF9A}"
EndProject
Project("{FAE04EC0-301F-11D3-BF4B-00C04F79EFBC}") = "Qinshift.Helpers", "Qinshift.Helpers\Qinshift.Helpers.csproj", "{7FAAD56D-CE7A-4BA0-B2CB-75BF72FE77C1}"
EndProject
Project("{FAE04EC0-301F-11D3-BF4B-00C04F79EFBC}") = "Qinshift.Disposable", "Qinshift.Disposable\Qinshift.Disposable.csproj", "{FA61D9A5-7C0E-4F8B-A6C6-DCA24B70926F}"
EndProject
Project("{FAE04EC0-301F-11D3-BF4B-00C04F79EFBC}") = "Qinshift.Nullable", "Qinshift.Nullable\Qinshift.Nullable.csproj", "{23B096FB-8036-4F1A-8887-B75B51FEC5CB}"
EndProject
Project("{FAE04EC0-301F-11D3-BF4B-00C04F79EFBC}") = "Qinshift.SerializeDeserialize", "Qinshift.SerializeDeserialize\Qinshift.SerializeDeserialize.csproj", "{4D8849A6-F726-4183-BDEE-FDF784D043D9}"
EndProject
Global
	GlobalSection(SolutionConfigurationPlatforms) = preSolution
		Debug|Any CPU = Debug|Any CPU
		Release|Any CPU = Release|Any CPU
	EndGlobalSection
	GlobalSection(ProjectConfigurationPlatforms) = postSolution
		{D9B603AC-2BE9-41CE-9414-18A37076DF9A}.Debug|Any CPU.ActiveCfg = Debug|Any CPU
		{D9B603AC-2BE9-41CE-9414-18A37076DF9A}.Debug|Any CPU.Build.0 = Debug|Any CPU
		{D9B603AC-2BE9-41CE-9414-18A37076DF9A}.Release|Any CPU.ActiveCfg = Release|Any CPU
		{D9B603AC-2BE9-41CE-9414-18A37076DF9A}.Release|Any CPU.Build.0 = Release|Any CPU
		{7FAAD56D-CE7A-4BA0-B2CB-75BF72FE77C1}.Debug|Any CPU.ActiveCfg = Debug|Any CPU
		{7FAAD56D-CE7A-4BA0-B2CB-75BF72FE77C1}.Debug|Any CPU.Build.0 = Debug|Any CPU
		{7FAAD56D-CE7A-4BA0-B2CB-75BF72FE77C1}.Release|Any CPU.ActiveCfg = Release|Any CPU
		{7FAAD56D-CE7A-4BA0-B2CB-75BF72FE77C1}.Release|Any CPU.Build.0 = Release|Any CPU
		{FA61D9A5-7C0E-4F8B-A6C6-DCA24B70926F}.Debug|Any CPU.ActiveCfg = Debug|Any CPU
		{FA61D9A5-7C0E-4F8B-A6C6-DCA24B70926F}.Debug|Any CPU.Build.0 = Debug|Any CPU
		{FA61D9A5-7C0E-4F8B-A6C6-DCA24B70926F}.Release|Any CPU.ActiveCfg = Release|Any CPU
		{FA61D9A5-7C0E-4F8B-A6C6-DCA24B70926F}.Release|Any CPU.Build.0 = Release|Any CPU
		{23B096FB-8036-4F1A-8887-B75B51FEC5CB}.Debug|Any CPU.ActiveCfg = Debug|Any CPU
		{23B096FB-8036-4F1A-8887-B75B51FEC5CB}.Debug|Any CPU.Build.0 = Debug|Any CPU
		{23B096FB-8036-4F1A-8887-B75B51FEC5CB}.Release|Any CPU.ActiveCfg = Release|Any CPU
		{23B096FB-8036-4F1A-8887-B75B51FEC5CB}.Release|Any CPU.Build.0 = Release|Any CPU
		{4D8849A6-F726-4183-BDEE-FDF784D043D9}.Debug|Any CPU.ActiveCfg = Debug|Any CPU
		{4D8849A6-F726-4183-BDEE-FDF784D043D9}.Debug|Any CPU.Build.0 = Debug|Any CPU
		{4D8849A6-F726-4183-BDEE-FDF784D043D9}.Release|Any CPU.ActiveCfg = Release|Any CPU
		{4D8849A6-F726-4183-BDEE-FDF784D043D9}.Release|Any CPU.Build.0 = Release|Any CPU
	EndGlobalSection
	GlobalSection(SolutionProperties) = preSolution
		HideSolutionNode = FALSE
	EndGlobalSection
	GlobalSection(ExtensibilityGlobals) = postSolution
		SolutionGuid = {6FFC30EE-FB05-46A4-9EF6-26F8041F6E3E}
	EndGlobalSection
EndGlobal
