
Microsoft Visual Studio Solution File, Format Version 12.00
# Visual Studio Version 17
VisualStudioVersion = 17.13.35825.156 d17.13
MinimumVisualStudioVersion = 10.0.40219.1
Project("{FAE04EC0-301F-11D3-BF4B-00C04F79EFBC}") = "Qinshift.Threads", "Qinshift.Threads\Qinshift.Threads.csproj", "{770FE11A-7A50-4257-9049-05CB6685B9E5}"
EndProject
Project("{FAE04EC0-301F-11D3-BF4B-00C04F79EFBC}") = "Qinshift.Tasks", "Qinshift.Tasks\Qinshift.Tasks.csproj", "{C1F9A171-0EE9-4795-A92A-ED790A13FA4D}"
EndProject
Project("{FAE04EC0-301F-11D3-BF4B-00C04F79EFBC}") = "Qinshift.AsyncAwait", "Qinshift.AsyncAwait\Qinshift.AsyncAwait.csproj", "{62DDDA1C-2E83-4083-8F2F-10AF6F5E8363}"
EndProject
Global
	GlobalSection(SolutionConfigurationPlatforms) = preSolution
		Debug|Any CPU = Debug|Any CPU
		Release|Any CPU = Release|Any CPU
	EndGlobalSection
	GlobalSection(ProjectConfigurationPlatforms) = postSolution
		{770FE11A-7A50-4257-9049-05CB6685B9E5}.Debug|Any CPU.ActiveCfg = Debug|Any CPU
		{770FE11A-7A50-4257-9049-05CB6685B9E5}.Debug|Any CPU.Build.0 = Debug|Any CPU
		{770FE11A-7A50-4257-9049-05CB6685B9E5}.Release|Any CPU.ActiveCfg = Release|Any CPU
		{770FE11A-7A50-4257-9049-05CB6685B9E5}.Release|Any CPU.Build.0 = Release|Any CPU
		{C1F9A171-0EE9-4795-A92A-ED790A13FA4D}.Debug|Any CPU.ActiveCfg = Debug|Any CPU
		{C1F9A171-0EE9-4795-A92A-ED790A13FA4D}.Debug|Any CPU.Build.0 = Debug|Any CPU
		{C1F9A171-0EE9-4795-A92A-ED790A13FA4D}.Release|Any CPU.ActiveCfg = Release|Any CPU
		{C1F9A171-0EE9-4795-A92A-ED790A13FA4D}.Release|Any CPU.Build.0 = Release|Any CPU
		{62DDDA1C-2E83-4083-8F2F-10AF6F5E8363}.Debug|Any CPU.ActiveCfg = Debug|Any CPU
		{62DDDA1C-2E83-4083-8F2F-10AF6F5E8363}.Debug|Any CPU.Build.0 = Debug|Any CPU
		{62DDDA1C-2E83-4083-8F2F-10AF6F5E8363}.Release|Any CPU.ActiveCfg = Release|Any CPU
		{62DDDA1C-2E83-4083-8F2F-10AF6F5E8363}.Release|Any CPU.Build.0 = Release|Any CPU
	EndGlobalSection
	GlobalSection(SolutionProperties) = preSolution
		HideSolutionNode = FALSE
	EndGlobalSection
	GlobalSection(ExtensibilityGlobals) = postSolution
		SolutionGuid = {6A65C6E6-EE59-4745-BC43-E75512F906AC}
	EndGlobalSection
EndGlobal
