
Microsoft Visual Studio Solution File, Format Version 12.00
# Visual Studio Version 17
VisualStudioVersion = 17.13.35825.156
MinimumVisualStudioVersion = 10.0.40219.1
Project("{FAE04EC0-301F-11D3-BF4B-00C04F79EFBC}") = "Delegates", "Delegates\Delegates.csproj", "{897E991D-7CEB-4D8C-AD00-C3077BFF18AE}"
EndProject
Project("{FAE04EC0-301F-11D3-BF4B-00C04F79EFBC}") = "Events", "Events\Events.csproj", "{579C00F3-FF52-4DAC-A5B7-1BF19F01E828}"
EndProject
Global
	GlobalSection(SolutionConfigurationPlatforms) = preSolution
		Debug|Any CPU = Debug|Any CPU
		Release|Any CPU = Release|Any CPU
	EndGlobalSection
	GlobalSection(ProjectConfigurationPlatforms) = postSolution
		{897E991D-7CEB-4D8C-AD00-C3077BFF18AE}.Debug|Any CPU.ActiveCfg = Debug|Any CPU
		{897E991D-7CEB-4D8C-AD00-C3077BFF18AE}.Debug|Any CPU.Build.0 = Debug|Any CPU
		{897E991D-7CEB-4D8C-AD00-C3077BFF18AE}.Release|Any CPU.ActiveCfg = Release|Any CPU
		{897E991D-7CEB-4D8C-AD00-C3077BFF18AE}.Release|Any CPU.Build.0 = Release|Any CPU
		{579C00F3-FF52-4DAC-A5B7-1BF19F01E828}.Debug|Any CPU.ActiveCfg = Debug|Any CPU
		{579C00F3-FF52-4DAC-A5B7-1BF19F01E828}.Debug|Any CPU.Build.0 = Debug|Any CPU
		{579C00F3-FF52-4DAC-A5B7-1BF19F01E828}.Release|Any CPU.ActiveCfg = Release|Any CPU
		{579C00F3-FF52-4DAC-A5B7-1BF19F01E828}.Release|Any CPU.Build.0 = Release|Any CPU
	EndGlobalSection
	GlobalSection(SolutionProperties) = preSolution
		HideSolutionNode = FALSE
	EndGlobalSection
	GlobalSection(ExtensibilityGlobals) = postSolution
		SolutionGuid = {90B2062B-35B6-496F-89B0-EF237ABDEA24}
	EndGlobalSection
EndGlobal
