
Microsoft Visual Studio Solution File, Format Version 12.00
# Visual Studio Version 17
VisualStudioVersion = 17.8.34330.188
MinimumVisualStudioVersion = 10.0.40219.1
Project("{FAE04EC0-301F-11D3-BF4B-00C04F79EFBC}") = "DisposingClasses", "DisposingClasses\DisposingClasses.csproj", "{57290F91-1677-4E56-B906-2BA2696FBF27}"
EndProject
Project("{FAE04EC0-301F-11D3-BF4B-00C04F79EFBC}") = "NullableValues", "NullableValues\NullableValues.csproj", "{FC6841ED-3C78-449C-ACB5-7DFBE0DF221D}"
EndProject
Global
	GlobalSection(SolutionConfigurationPlatforms) = preSolution
		Debug|Any CPU = Debug|Any CPU
		Release|Any CPU = Release|Any CPU
	EndGlobalSection
	GlobalSection(ProjectConfigurationPlatforms) = postSolution
		{57290F91-1677-4E56-B906-2BA2696FBF27}.Debug|Any CPU.ActiveCfg = Debug|Any CPU
		{57290F91-1677-4E56-B906-2BA2696FBF27}.Debug|Any CPU.Build.0 = Debug|Any CPU
		{57290F91-1677-4E56-B906-2BA2696FBF27}.Release|Any CPU.ActiveCfg = Release|Any CPU
		{57290F91-1677-4E56-B906-2BA2696FBF27}.Release|Any CPU.Build.0 = Release|Any CPU
		{FC6841ED-3C78-449C-ACB5-7DFBE0DF221D}.Debug|Any CPU.ActiveCfg = Debug|Any CPU
		{FC6841ED-3C78-449C-ACB5-7DFBE0DF221D}.Debug|Any CPU.Build.0 = Debug|Any CPU
		{FC6841ED-3C78-449C-ACB5-7DFBE0DF221D}.Release|Any CPU.ActiveCfg = Release|Any CPU
		{FC6841ED-3C78-449C-ACB5-7DFBE0DF221D}.Release|Any CPU.Build.0 = Release|Any CPU
	EndGlobalSection
	GlobalSection(SolutionProperties) = preSolution
		HideSolutionNode = FALSE
	EndGlobalSection
	GlobalSection(ExtensibilityGlobals) = postSolution
		SolutionGuid = {F52CB431-6931-48EA-B405-695A10CF485E}
	EndGlobalSection
EndGlobal
