
Microsoft Visual Studio Solution File, Format Version 12.00
# Visual Studio Version 17
VisualStudioVersion = 17.13.35825.156 d17.13
MinimumVisualStudioVersion = 10.0.40219.1
Project("{FAE04EC0-301F-11D3-BF4B-00C04F79EFBC}") = "Abstractions", "Abstractions\Abstractions.csproj", "{D715498E-F857-4291-AE48-BFAB67D65A61}"
EndProject
Global
	GlobalSection(SolutionConfigurationPlatforms) = preSolution
		Debug|Any CPU = Debug|Any CPU
		Release|Any CPU = Release|Any CPU
	EndGlobalSection
	GlobalSection(ProjectConfigurationPlatforms) = postSolution
		{D715498E-F857-4291-AE48-BFAB67D65A61}.Debug|Any CPU.ActiveCfg = Debug|Any CPU
		{D715498E-F857-4291-AE48-BFAB67D65A61}.Debug|Any CPU.Build.0 = Debug|Any CPU
		{D715498E-F857-4291-AE48-BFAB67D65A61}.Release|Any CPU.ActiveCfg = Release|Any CPU
		{D715498E-F857-4291-AE48-BFAB67D65A61}.Release|Any CPU.Build.0 = Release|Any CPU
	EndGlobalSection
	GlobalSection(SolutionProperties) = preSolution
		HideSolutionNode = FALSE
	EndGlobalSection
	GlobalSection(ExtensibilityGlobals) = postSolution
		SolutionGuid = {EA5FDD7E-BD56-4B73-9120-0D784AFF5561}
	EndGlobalSection
EndGlobal
